
Microsoft Visual Studio Solution File, Format Version 12.00
# Visual Studio 15
VisualStudioVersion = 15.0.27703.2042
MinimumVisualStudioVersion = 10.0.40219.1
Project("{FAE04EC0-301F-11D3-BF4B-00C04F79EFBC}") = "GameCopy_Game", "GameCopy_Game\GameCopy_Game.csproj", "{955048D9-8F16-40BA-9966-492F1EDD7224}"
EndProject
Global
	GlobalSection(SolutionConfigurationPlatforms) = preSolution
		Debug|Any CPU = Debug|Any CPU
		Release|Any CPU = Release|Any CPU
	EndGlobalSection
	GlobalSection(ProjectConfigurationPlatforms) = postSolution
		{955048D9-8F16-40BA-9966-492F1EDD7224}.Debug|Any CPU.ActiveCfg = Debug|Any CPU
		{955048D9-8F16-40BA-9966-492F1EDD7224}.Debug|Any CPU.Build.0 = Debug|Any CPU
		{955048D9-8F16-40BA-9966-492F1EDD7224}.Release|Any CPU.ActiveCfg = Release|Any CPU
		{955048D9-8F16-40BA-9966-492F1EDD7224}.Release|Any CPU.Build.0 = Release|Any CPU
	EndGlobalSection
	GlobalSection(SolutionProperties) = preSolution
		HideSolutionNode = FALSE
	EndGlobalSection
	GlobalSection(ExtensibilityGlobals) = postSolution
		SolutionGuid = {7BECF40D-87BC-49A8-9DDB-ED210719D59D}
	EndGlobalSection
EndGlobal
